{
  "requires": true,
  "lockfileVersion": 1,
  "dependencies": {
    "tiny-types": {
      "version": "1.14.1",
      "resolved": "https://registry.npmjs.org/tiny-types/-/tiny-types-1.14.1.tgz",
      "integrity": "sha512-bj7BCb9LFZrJORNgG/Otsya4RQF4AWR0FgSBdtGut6ew7fgFlvUdwTZVio1EsmdKMMpARhE3u1jmiVUS3WOkmw=="
    }
  }
}
